// !$*UTF8*$!
{
	archiveVersion = 1;
	classes = {
	};
	objectVersion = 46;
	objects = {

/* Begin PBXBuildFile section */
		E10129F91ACA84C000D99724 /* GJBlueToothTableViewController.m in Sources */ = {isa = PBXBuildFile; fileRef = E10129F71ACA84C000D99724 /* GJBlueToothTableViewController.m */; };
		E10129FA1ACA84C000D99724 /* GJBlueToothTableViewController.xib in Resources */ = {isa = PBXBuildFile; fileRef = E10129F81ACA84C000D99724 /* GJBlueToothTableViewController.xib */; };
		E10129FE1ACA8CC100D99724 /* GJBlueClientViewController.m in Sources */ = {isa = PBXBuildFile; fileRef = E10129FC1ACA8CC100D99724 /* GJBlueClientViewController.m */; };
		E10129FF1ACA8CC100D99724 /* GJBlueClientViewController.xib in Resources */ = {isa = PBXBuildFile; fileRef = E10129FD1ACA8CC100D99724 /* GJBlueClientViewController.xib */; };
		E114A7FD1ADE17B7001BC548 /* GJShakeViewController.m in Sources */ = {isa = PBXBuildFile; fileRef = E114A7FB1ADE17B7001BC548 /* GJShakeViewController.m */; };
		E114A7FE1ADE17B7001BC548 /* GJShakeViewController.xib in Resources */ = {isa = PBXBuildFile; fileRef = E114A7FC1ADE17B7001BC548 /* GJShakeViewController.xib */; };
		E114A8001ADE1946001BC548 /* shake.mp3 in Resources */ = {isa = PBXBuildFile; fileRef = E114A7FF1ADE1946001BC548 /* shake.mp3 */; };
		E114A8031ADE63B7001BC548 /* Model.xcdatamodeld in Sources */ = {isa = PBXBuildFile; fileRef = E114A8011ADE63B7001BC548 /* Model.xcdatamodeld */; };
		E114A8061ADE6464001BC548 /* NSManagedObjectContext_GJFactory.m in Sources */ = {isa = PBXBuildFile; fileRef = E114A8051ADE6464001BC548 /* NSManagedObjectContext_GJFactory.m */; };
		E114A80F1ADE6F87001BC548 /* GJCoreDataTabViewController.m in Sources */ = {isa = PBXBuildFile; fileRef = E114A80D1ADE6F87001BC548 /* GJCoreDataTabViewController.m */; };
		E114A8101ADE6F87001BC548 /* GJCoreDataTabViewController.xib in Resources */ = {isa = PBXBuildFile; fileRef = E114A80E1ADE6F87001BC548 /* GJCoreDataTabViewController.xib */; };
		E114A8141ADE7032001BC548 /* GJBookTableViewController.m in Sources */ = {isa = PBXBuildFile; fileRef = E114A8121ADE7032001BC548 /* GJBookTableViewController.m */; };
		E114A8151ADE7032001BC548 /* GJBookTableViewController.xib in Resources */ = {isa = PBXBuildFile; fileRef = E114A8131ADE7032001BC548 /* GJBookTableViewController.xib */; };
		E114A8191ADE7048001BC548 /* GJAuthorTableViewController.m in Sources */ = {isa = PBXBuildFile; fileRef = E114A8171ADE7048001BC548 /* GJAuthorTableViewController.m */; };
		E114A81A1ADE7048001BC548 /* GJAuthorTableViewController.xib in Resources */ = {isa = PBXBuildFile; fileRef = E114A8181ADE7048001BC548 /* GJAuthorTableViewController.xib */; };
		E114A81D1ADE74C4001BC548 /* GJBaseTableViewController.m in Sources */ = {isa = PBXBuildFile; fileRef = E114A81C1ADE74C4001BC548 /* GJBaseTableViewController.m */; };
		E171FA0D1ACB81AF004BA2E7 /* GJBlueServerViewController.m in Sources */ = {isa = PBXBuildFile; fileRef = E171FA0B1ACB81AF004BA2E7 /* GJBlueServerViewController.m */; };
		E171FA0E1ACB81AF004BA2E7 /* GJBlueServerViewController.xib in Resources */ = {isa = PBXBuildFile; fileRef = E171FA0C1ACB81AF004BA2E7 /* GJBlueServerViewController.xib */; };
		E171FA121ACBE704004BA2E7 /* GJBlueToothCopyViewController.m in Sources */ = {isa = PBXBuildFile; fileRef = E171FA101ACBE704004BA2E7 /* GJBlueToothCopyViewController.m */; };
		E171FA131ACBE704004BA2E7 /* GJBlueToothCopyViewController.xib in Resources */ = {isa = PBXBuildFile; fileRef = E171FA111ACBE704004BA2E7 /* GJBlueToothCopyViewController.xib */; };
		E17960D51AB96B95006512D6 /* GJCustomZBarViewController.m in Sources */ = {isa = PBXBuildFile; fileRef = E17960D21AB96B95006512D6 /* GJCustomZBarViewController.m */; };
		E17960D61AB96B95006512D6 /* GJCustomZBarViewController.xib in Resources */ = {isa = PBXBuildFile; fileRef = E17960D31AB96B95006512D6 /* GJCustomZBarViewController.xib */; };
		E17960DA1AB96C81006512D6 /* GJZBarTestViewController.m in Sources */ = {isa = PBXBuildFile; fileRef = E17960D81AB96C81006512D6 /* GJZBarTestViewController.m */; };
		E17960DB1AB96C81006512D6 /* GJZBarTestViewController.xib in Resources */ = {isa = PBXBuildFile; fileRef = E17960D91AB96C81006512D6 /* GJZBarTestViewController.xib */; };
		E17960DE1AB972D8006512D6 /* GJBaseViewController.m in Sources */ = {isa = PBXBuildFile; fileRef = E17960DD1AB972D8006512D6 /* GJBaseViewController.m */; };
		E17BA2971AEC887300020149 /* GJSessionHttpClient.m in Sources */ = {isa = PBXBuildFile; fileRef = E17BA2961AEC887300020149 /* GJSessionHttpClient.m */; };
		E1C26B0B1AC69F3A00B6F7CF /* GJBeaconBroadcaster.m in Sources */ = {isa = PBXBuildFile; fileRef = E1C26B0A1AC69F3A00B6F7CF /* GJBeaconBroadcaster.m */; };
		E1C26B0E1AC6A17000B6F7CF /* GJBeaconDetector.m in Sources */ = {isa = PBXBuildFile; fileRef = E1C26B0D1AC6A17000B6F7CF /* GJBeaconDetector.m */; };
		E1C5C3851ACCD6D200E2C548 /* GJBlueToothCopier.m in Sources */ = {isa = PBXBuildFile; fileRef = E1C5C3841ACCD6D200E2C548 /* GJBlueToothCopier.m */; };
		E1CDCB1E1B019EDA0061EFD1 /* GJImageFileManager.m in Sources */ = {isa = PBXBuildFile; fileRef = E1CDCB1D1B019EDA0061EFD1 /* GJImageFileManager.m */; };
		E1D2EBF71A9412A80048F8B1 /* GJExpendTableViewCell.m in Sources */ = {isa = PBXBuildFile; fileRef = E1D2EBF51A9412A80048F8B1 /* GJExpendTableViewCell.m */; };
		E1D2EBF81A9412A80048F8B1 /* GJExpendTableViewCell.xib in Resources */ = {isa = PBXBuildFile; fileRef = E1D2EBF61A9412A80048F8B1 /* GJExpendTableViewCell.xib */; };
		E1D5918D1AC4FA0C0029FFBD /* .gitignore in Resources */ = {isa = PBXBuildFile; fileRef = E1D5916D1AC4FA0C0029FFBD /* .gitignore */; };
		E1D5918F1AC4FA0C0029FFBD /* README in Resources */ = {isa = PBXBuildFile; fileRef = E1D591861AC4FA0C0029FFBD /* README */; };
		E1D591901AC4FA0C0029FFBD /* zbar-back.png in Resources */ = {isa = PBXBuildFile; fileRef = E1D591881AC4FA0C0029FFBD /* zbar-back.png */; };
		E1D591911AC4FA0C0029FFBD /* zbar-help.html in Resources */ = {isa = PBXBuildFile; fileRef = E1D591891AC4FA0C0029FFBD /* zbar-help.html */; };
		E1D591921AC4FA0C0029FFBD /* zbar-helpicons.png in Resources */ = {isa = PBXBuildFile; fileRef = E1D5918A1AC4FA0C0029FFBD /* zbar-helpicons.png */; };
		E1D591931AC4FA0C0029FFBD /* zbar-samples.png in Resources */ = {isa = PBXBuildFile; fileRef = E1D5918B1AC4FA0C0029FFBD /* zbar-samples.png */; };
		E1D591951AC4FADA0029FFBD /* zbarSDK.a in Frameworks */ = {isa = PBXBuildFile; fileRef = E1D5918C1AC4FA0C0029FFBD /* zbarSDK.a */; };
		E1D591961AC4FAEB0029FFBD /* libzbar.a in Frameworks */ = {isa = PBXBuildFile; fileRef = E1D591851AC4FA0C0029FFBD /* libzbar.a */; };
		E1D591981AC4FDFB0029FFBD /* AVFoundation.framework in Frameworks */ = {isa = PBXBuildFile; fileRef = E1D591971AC4FDFB0029FFBD /* AVFoundation.framework */; };
		E1D5919A1AC4FE020029FFBD /* CoreMedia.framework in Frameworks */ = {isa = PBXBuildFile; fileRef = E1D591991AC4FE020029FFBD /* CoreMedia.framework */; };
		E1D5919C1AC4FE0E0029FFBD /* CoreVideo.framework in Frameworks */ = {isa = PBXBuildFile; fileRef = E1D5919B1AC4FE0E0029FFBD /* CoreVideo.framework */; };
		E1D5919E1AC4FE150029FFBD /* QuartzCore.framework in Frameworks */ = {isa = PBXBuildFile; fileRef = E1D5919D1AC4FE150029FFBD /* QuartzCore.framework */; };
		E1D591A31AC4FEB00029FFBD /* libiconv.2.4.0.dylib in Frameworks */ = {isa = PBXBuildFile; fileRef = E1D591A21AC4FEB00029FFBD /* libiconv.2.4.0.dylib */; };
		E1D591A51AC4FED70029FFBD /* libz.1.2.5.dylib in Frameworks */ = {isa = PBXBuildFile; fileRef = E1D591A41AC4FED70029FFBD /* libz.1.2.5.dylib */; };
		E1D591A81AC50E5C0029FFBD /* CoreBluetooth.framework in Frameworks */ = {isa = PBXBuildFile; fileRef = E1D591A71AC50E5C0029FFBD /* CoreBluetooth.framework */; };
		E1D591AD1AC5256A0029FFBD /* CoreLocation.framework in Frameworks */ = {isa = PBXBuildFile; fileRef = E1D591AC1AC5256A0029FFBD /* CoreLocation.framework */; };
		E1D591AF1AC525B80029FFBD /* MapKit.framework in Frameworks */ = {isa = PBXBuildFile; fileRef = E1D591AE1AC525B80029FFBD /* MapKit.framework */; };
		E1D591B31AC54C150029FFBD /* GJiBeanconTestViewController.m in Sources */ = {isa = PBXBuildFile; fileRef = E1D591B11AC54C150029FFBD /* GJiBeanconTestViewController.m */; };
		E1D591B41AC54C150029FFBD /* GJiBeanconTestViewController.xib in Resources */ = {isa = PBXBuildFile; fileRef = E1D591B21AC54C150029FFBD /* GJiBeanconTestViewController.xib */; };
		E1D5B1081AAAE8B3009A759F /* GJNetWorkViewController.m in Sources */ = {isa = PBXBuildFile; fileRef = E1D5B1061AAAE8B3009A759F /* GJNetWorkViewController.m */; };
		E1D5B1091AAAE8B3009A759F /* GJNetWorkViewController.xib in Resources */ = {isa = PBXBuildFile; fileRef = E1D5B1071AAAE8B3009A759F /* GJNetWorkViewController.xib */; };
		E1F20BF21AB04BC00059EA53 /* GJParamBase.m in Sources */ = {isa = PBXBuildFile; fileRef = E1F20BF11AB04BC00059EA53 /* GJParamBase.m */; };
		E1F20BF51AB04C5F0059EA53 /* GJParamTest.m in Sources */ = {isa = PBXBuildFile; fileRef = E1F20BF41AB04C5F0059EA53 /* GJParamTest.m */; };
		E1F3141B1B0ACB17008346E1 /* NSArray_Ext.m in Sources */ = {isa = PBXBuildFile; fileRef = E1F314121B0ACB17008346E1 /* NSArray_Ext.m */; };
		E1F3141C1B0ACB17008346E1 /* NSDate_StringFormater.m in Sources */ = {isa = PBXBuildFile; fileRef = E1F314141B0ACB17008346E1 /* NSDate_StringFormater.m */; };
		E1F3141D1B0ACB17008346E1 /* NSManageObjectContext_GJFactory.m in Sources */ = {isa = PBXBuildFile; fileRef = E1F314161B0ACB17008346E1 /* NSManageObjectContext_GJFactory.m */; };
		E1F3141E1B0ACB17008346E1 /* NSObject_JsonConverter.m in Sources */ = {isa = PBXBuildFile; fileRef = E1F314181B0ACB17008346E1 /* NSObject_JsonConverter.m */; };
		E1F3141F1B0ACB17008346E1 /* NSString_Ext.m in Sources */ = {isa = PBXBuildFile; fileRef = E1F3141A1B0ACB17008346E1 /* NSString_Ext.m */; };
		E1F314261B0AD19E008346E1 /* GJImageUtils.m in Sources */ = {isa = PBXBuildFile; fileRef = E1F314251B0AD19E008346E1 /* GJImageUtils.m */; };
		E1F3142D1B0AD33F008346E1 /* GJHttpClient.m in Sources */ = {isa = PBXBuildFile; fileRef = E1F3142B1B0AD33F008346E1 /* GJHttpClient.m */; };
		E1F314301B0AD375008346E1 /* GJCacheImage.m in Sources */ = {isa = PBXBuildFile; fileRef = E1F3142F1B0AD375008346E1 /* GJCacheImage.m */; };
		E1FF72871A92B71A0036777A /* main.m in Sources */ = {isa = PBXBuildFile; fileRef = E1FF72861A92B71A0036777A /* main.m */; };
		E1FF728A1A92B71A0036777A /* AppDelegate.m in Sources */ = {isa = PBXBuildFile; fileRef = E1FF72891A92B71A0036777A /* AppDelegate.m */; };
		E1FF728D1A92B71A0036777A /* MasterViewController.m in Sources */ = {isa = PBXBuildFile; fileRef = E1FF728C1A92B71A0036777A /* MasterViewController.m */; };
		E1FF72931A92B71A0036777A /* Main.storyboard in Resources */ = {isa = PBXBuildFile; fileRef = E1FF72911A92B71A0036777A /* Main.storyboard */; };
		E1FF72951A92B71A0036777A /* Images.xcassets in Resources */ = {isa = PBXBuildFile; fileRef = E1FF72941A92B71A0036777A /* Images.xcassets */; };
		E1FF72981A92B71A0036777A /* LaunchScreen.xib in Resources */ = {isa = PBXBuildFile; fileRef = E1FF72961A92B71A0036777A /* LaunchScreen.xib */; };
		E1FF72A41A92B71A0036777A /* DemoTests.m in Sources */ = {isa = PBXBuildFile; fileRef = E1FF72A31A92B71A0036777A /* DemoTests.m */; };
		E1FF72B41A92BA950036777A /* SettingsUtil.m in Sources */ = {isa = PBXBuildFile; fileRef = E1FF72B31A92BA950036777A /* SettingsUtil.m */; };
		E1FF72B61A92BAA90036777A /* ExpendTableView.plist in Resources */ = {isa = PBXBuildFile; fileRef = E1FF72B51A92BAA90036777A /* ExpendTableView.plist */; };
		E1FF72B81A92BBE90036777A /* settings.plist in Resources */ = {isa = PBXBuildFile; fileRef = E1FF72B71A92BBE90036777A /* settings.plist */; };
		E1FF72BB1A92BE6A0036777A /* GJSectionInfo.m in Sources */ = {isa = PBXBuildFile; fileRef = E1FF72BA1A92BE6A0036777A /* GJSectionInfo.m */; };
		E1FF72BE1A92BE7D0036777A /* GJCellInfo.m in Sources */ = {isa = PBXBuildFile; fileRef = E1FF72BD1A92BE7D0036777A /* GJCellInfo.m */; };
		E1FF72C11A92BEFB0036777A /* GJExpendHeaderView.m in Sources */ = {isa = PBXBuildFile; fileRef = E1FF72C01A92BEFB0036777A /* GJExpendHeaderView.m */; };
		E1FF72C31A92BF190036777A /* GJExpendHeaderView.xib in Resources */ = {isa = PBXBuildFile; fileRef = E1FF72C21A92BF190036777A /* GJExpendHeaderView.xib */; };
		E1FF72CE1A92C5310036777A /* GJExpendTableViewController.m in Sources */ = {isa = PBXBuildFile; fileRef = E1FF72CC1A92C5310036777A /* GJExpendTableViewController.m */; };
		E1FF72CF1A92C5310036777A /* GJExpendTableViewController.xib in Resources */ = {isa = PBXBuildFile; fileRef = E1FF72CD1A92C5310036777A /* GJExpendTableViewController.xib */; };
/* End PBXBuildFile section */

/* Begin PBXContainerItemProxy section */
		E1FF729E1A92B71A0036777A /* PBXContainerItemProxy */ = {
			isa = PBXContainerItemProxy;
			containerPortal = E1FF72791A92B71A0036777A /* Project object */;
			proxyType = 1;
			remoteGlobalIDString = E1FF72801A92B71A0036777A;
			remoteInfo = Demo;
		};
/* End PBXContainerItemProxy section */

/* Begin PBXFileReference section */
		E10129F61ACA84C000D99724 /* GJBlueToothTableViewController.h */ = {isa = PBXFileReference; fileEncoding = 4; lastKnownFileType = sourcecode.c.h; path = GJBlueToothTableViewController.h; sourceTree = "<group>"; };
		E10129F71ACA84C000D99724 /* GJBlueToothTableViewController.m */ = {isa = PBXFileReference; fileEncoding = 4; lastKnownFileType = sourcecode.c.objc; path = GJBlueToothTableViewController.m; sourceTree = "<group>"; };
		E10129F81ACA84C000D99724 /* GJBlueToothTableViewController.xib */ = {isa = PBXFileReference; fileEncoding = 4; lastKnownFileType = file.xib; path = GJBlueToothTableViewController.xib; sourceTree = "<group>"; };
		E10129FB1ACA8CC100D99724 /* GJBlueClientViewController.h */ = {isa = PBXFileReference; fileEncoding = 4; lastKnownFileType = sourcecode.c.h; path = GJBlueClientViewController.h; sourceTree = "<group>"; };
		E10129FC1ACA8CC100D99724 /* GJBlueClientViewController.m */ = {isa = PBXFileReference; fileEncoding = 4; lastKnownFileType = sourcecode.c.objc; path = GJBlueClientViewController.m; sourceTree = "<group>"; };
		E10129FD1ACA8CC100D99724 /* GJBlueClientViewController.xib */ = {isa = PBXFileReference; fileEncoding = 4; lastKnownFileType = file.xib; path = GJBlueClientViewController.xib; sourceTree = "<group>"; };
		E114A7FA1ADE17B7001BC548 /* GJShakeViewController.h */ = {isa = PBXFileReference; fileEncoding = 4; lastKnownFileType = sourcecode.c.h; path = GJShakeViewController.h; sourceTree = "<group>"; };
		E114A7FB1ADE17B7001BC548 /* GJShakeViewController.m */ = {isa = PBXFileReference; fileEncoding = 4; lastKnownFileType = sourcecode.c.objc; path = GJShakeViewController.m; sourceTree = "<group>"; };
		E114A7FC1ADE17B7001BC548 /* GJShakeViewController.xib */ = {isa = PBXFileReference; fileEncoding = 4; lastKnownFileType = file.xib; path = GJShakeViewController.xib; sourceTree = "<group>"; };
		E114A7FF1ADE1946001BC548 /* shake.mp3 */ = {isa = PBXFileReference; lastKnownFileType = audio.mp3; path = shake.mp3; sourceTree = "<group>"; };
		E114A8021ADE63B7001BC548 /* Model.xcdatamodel */ = {isa = PBXFileReference; lastKnownFileType = wrapper.xcdatamodel; path = Model.xcdatamodel; sourceTree = "<group>"; };
		E114A8041ADE6464001BC548 /* NSManagedObjectContext_GJFactory.h */ = {isa = PBXFileReference; fileEncoding = 4; lastKnownFileType = sourcecode.c.h; path = NSManagedObjectContext_GJFactory.h; sourceTree = "<group>"; };
		E114A8051ADE6464001BC548 /* NSManagedObjectContext_GJFactory.m */ = {isa = PBXFileReference; fileEncoding = 4; lastKnownFileType = sourcecode.c.objc; path = NSManagedObjectContext_GJFactory.m; sourceTree = "<group>"; };
		E114A80C1ADE6F87001BC548 /* GJCoreDataTabViewController.h */ = {isa = PBXFileReference; fileEncoding = 4; lastKnownFileType = sourcecode.c.h; path = GJCoreDataTabViewController.h; sourceTree = "<group>"; };
		E114A80D1ADE6F87001BC548 /* GJCoreDataTabViewController.m */ = {isa = PBXFileReference; fileEncoding = 4; lastKnownFileType = sourcecode.c.objc; path = GJCoreDataTabViewController.m; sourceTree = "<group>"; };
		E114A80E1ADE6F87001BC548 /* GJCoreDataTabViewController.xib */ = {isa = PBXFileReference; fileEncoding = 4; lastKnownFileType = file.xib; path = GJCoreDataTabViewController.xib; sourceTree = "<group>"; };
		E114A8111ADE7032001BC548 /* GJBookTableViewController.h */ = {isa = PBXFileReference; fileEncoding = 4; lastKnownFileType = sourcecode.c.h; path = GJBookTableViewController.h; sourceTree = "<group>"; };
		E114A8121ADE7032001BC548 /* GJBookTableViewController.m */ = {isa = PBXFileReference; fileEncoding = 4; lastKnownFileType = sourcecode.c.objc; path = GJBookTableViewController.m; sourceTree = "<group>"; };
		E114A8131ADE7032001BC548 /* GJBookTableViewController.xib */ = {isa = PBXFileReference; fileEncoding = 4; lastKnownFileType = file.xib; path = GJBookTableViewController.xib; sourceTree = "<group>"; };
		E114A8161ADE7048001BC548 /* GJAuthorTableViewController.h */ = {isa = PBXFileReference; fileEncoding = 4; lastKnownFileType = sourcecode.c.h; path = GJAuthorTableViewController.h; sourceTree = "<group>"; };
		E114A8171ADE7048001BC548 /* GJAuthorTableViewController.m */ = {isa = PBXFileReference; fileEncoding = 4; lastKnownFileType = sourcecode.c.objc; path = GJAuthorTableViewController.m; sourceTree = "<group>"; };
		E114A8181ADE7048001BC548 /* GJAuthorTableViewController.xib */ = {isa = PBXFileReference; fileEncoding = 4; lastKnownFileType = file.xib; path = GJAuthorTableViewController.xib; sourceTree = "<group>"; };
		E114A81B1ADE74C4001BC548 /* GJBaseTableViewController.h */ = {isa = PBXFileReference; fileEncoding = 4; lastKnownFileType = sourcecode.c.h; path = GJBaseTableViewController.h; sourceTree = "<group>"; };
		E114A81C1ADE74C4001BC548 /* GJBaseTableViewController.m */ = {isa = PBXFileReference; fileEncoding = 4; lastKnownFileType = sourcecode.c.objc; path = GJBaseTableViewController.m; sourceTree = "<group>"; };
		E16B83C41B097453001BEFEB /* ConstBlueTooth.h */ = {isa = PBXFileReference; lastKnownFileType = sourcecode.c.h; path = ConstBlueTooth.h; sourceTree = "<group>"; };
		E171FA0A1ACB81AF004BA2E7 /* GJBlueServerViewController.h */ = {isa = PBXFileReference; fileEncoding = 4; lastKnownFileType = sourcecode.c.h; path = GJBlueServerViewController.h; sourceTree = "<group>"; };
		E171FA0B1ACB81AF004BA2E7 /* GJBlueServerViewController.m */ = {isa = PBXFileReference; fileEncoding = 4; lastKnownFileType = sourcecode.c.objc; path = GJBlueServerViewController.m; sourceTree = "<group>"; };
		E171FA0C1ACB81AF004BA2E7 /* GJBlueServerViewController.xib */ = {isa = PBXFileReference; fileEncoding = 4; lastKnownFileType = file.xib; path = GJBlueServerViewController.xib; sourceTree = "<group>"; };
		E171FA0F1ACBE704004BA2E7 /* GJBlueToothCopyViewController.h */ = {isa = PBXFileReference; fileEncoding = 4; lastKnownFileType = sourcecode.c.h; path = GJBlueToothCopyViewController.h; sourceTree = "<group>"; };
		E171FA101ACBE704004BA2E7 /* GJBlueToothCopyViewController.m */ = {isa = PBXFileReference; fileEncoding = 4; lastKnownFileType = sourcecode.c.objc; path = GJBlueToothCopyViewController.m; sourceTree = "<group>"; };
		E171FA111ACBE704004BA2E7 /* GJBlueToothCopyViewController.xib */ = {isa = PBXFileReference; fileEncoding = 4; lastKnownFileType = file.xib; path = GJBlueToothCopyViewController.xib; sourceTree = "<group>"; };
		E17960D11AB96B95006512D6 /* GJCustomZBarViewController.h */ = {isa = PBXFileReference; fileEncoding = 4; lastKnownFileType = sourcecode.c.h; path = GJCustomZBarViewController.h; sourceTree = "<group>"; };
		E17960D21AB96B95006512D6 /* GJCustomZBarViewController.m */ = {isa = PBXFileReference; fileEncoding = 4; lastKnownFileType = sourcecode.c.objc; path = GJCustomZBarViewController.m; sourceTree = "<group>"; };
		E17960D31AB96B95006512D6 /* GJCustomZBarViewController.xib */ = {isa = PBXFileReference; fileEncoding = 4; lastKnownFileType = file.xib; path = GJCustomZBarViewController.xib; sourceTree = "<group>"; };
		E17960D71AB96C81006512D6 /* GJZBarTestViewController.h */ = {isa = PBXFileReference; fileEncoding = 4; lastKnownFileType = sourcecode.c.h; path = GJZBarTestViewController.h; sourceTree = "<group>"; };
		E17960D81AB96C81006512D6 /* GJZBarTestViewController.m */ = {isa = PBXFileReference; fileEncoding = 4; lastKnownFileType = sourcecode.c.objc; path = GJZBarTestViewController.m; sourceTree = "<group>"; };
		E17960D91AB96C81006512D6 /* GJZBarTestViewController.xib */ = {isa = PBXFileReference; fileEncoding = 4; lastKnownFileType = file.xib; path = GJZBarTestViewController.xib; sourceTree = "<group>"; };
		E17960DC1AB972D8006512D6 /* GJBaseViewController.h */ = {isa = PBXFileReference; fileEncoding = 4; lastKnownFileType = sourcecode.c.h; path = GJBaseViewController.h; sourceTree = "<group>"; };
		E17960DD1AB972D8006512D6 /* GJBaseViewController.m */ = {isa = PBXFileReference; fileEncoding = 4; lastKnownFileType = sourcecode.c.objc; path = GJBaseViewController.m; sourceTree = "<group>"; };
		E17BA2951AEC887300020149 /* GJSessionHttpClient.h */ = {isa = PBXFileReference; fileEncoding = 4; lastKnownFileType = sourcecode.c.h; path = GJSessionHttpClient.h; sourceTree = "<group>"; };
		E17BA2961AEC887300020149 /* GJSessionHttpClient.m */ = {isa = PBXFileReference; fileEncoding = 4; lastKnownFileType = sourcecode.c.objc; path = GJSessionHttpClient.m; sourceTree = "<group>"; };
		E1C26B091AC69F3A00B6F7CF /* GJBeaconBroadcaster.h */ = {isa = PBXFileReference; fileEncoding = 4; lastKnownFileType = sourcecode.c.h; path = GJBeaconBroadcaster.h; sourceTree = "<group>"; };
		E1C26B0A1AC69F3A00B6F7CF /* GJBeaconBroadcaster.m */ = {isa = PBXFileReference; fileEncoding = 4; lastKnownFileType = sourcecode.c.objc; path = GJBeaconBroadcaster.m; sourceTree = "<group>"; };
		E1C26B0C1AC6A17000B6F7CF /* GJBeaconDetector.h */ = {isa = PBXFileReference; fileEncoding = 4; lastKnownFileType = sourcecode.c.h; path = GJBeaconDetector.h; sourceTree = "<group>"; };
		E1C26B0D1AC6A17000B6F7CF /* GJBeaconDetector.m */ = {isa = PBXFileReference; fileEncoding = 4; lastKnownFileType = sourcecode.c.objc; path = GJBeaconDetector.m; sourceTree = "<group>"; };
		E1C5C3831ACCD6D200E2C548 /* GJBlueToothCopier.h */ = {isa = PBXFileReference; fileEncoding = 4; lastKnownFileType = sourcecode.c.h; path = GJBlueToothCopier.h; sourceTree = "<group>"; };
		E1C5C3841ACCD6D200E2C548 /* GJBlueToothCopier.m */ = {isa = PBXFileReference; fileEncoding = 4; lastKnownFileType = sourcecode.c.objc; path = GJBlueToothCopier.m; sourceTree = "<group>"; };
		E1CDCB1C1B019EDA0061EFD1 /* GJImageFileManager.h */ = {isa = PBXFileReference; fileEncoding = 4; lastKnownFileType = sourcecode.c.h; path = GJImageFileManager.h; sourceTree = "<group>"; };
		E1CDCB1D1B019EDA0061EFD1 /* GJImageFileManager.m */ = {isa = PBXFileReference; fileEncoding = 4; lastKnownFileType = sourcecode.c.objc; path = GJImageFileManager.m; sourceTree = "<group>"; };
		E1D2EBF41A9412A80048F8B1 /* GJExpendTableViewCell.h */ = {isa = PBXFileReference; fileEncoding = 4; lastKnownFileType = sourcecode.c.h; path = GJExpendTableViewCell.h; sourceTree = "<group>"; };
		E1D2EBF51A9412A80048F8B1 /* GJExpendTableViewCell.m */ = {isa = PBXFileReference; fileEncoding = 4; lastKnownFileType = sourcecode.c.objc; path = GJExpendTableViewCell.m; sourceTree = "<group>"; };
		E1D2EBF61A9412A80048F8B1 /* GJExpendTableViewCell.xib */ = {isa = PBXFileReference; fileEncoding = 4; lastKnownFileType = file.xib; path = GJExpendTableViewCell.xib; sourceTree = "<group>"; };
		E1D5916D1AC4FA0C0029FFBD /* .gitignore */ = {isa = PBXFileReference; fileEncoding = 4; lastKnownFileType = text; path = .gitignore; sourceTree = "<group>"; };
		E1D591711AC4FA0C0029FFBD /* Decoder.h */ = {isa = PBXFileReference; fileEncoding = 4; lastKnownFileType = sourcecode.c.h; path = Decoder.h; sourceTree = "<group>"; };
		E1D591721AC4FA0C0029FFBD /* Exception.h */ = {isa = PBXFileReference; fileEncoding = 4; lastKnownFileType = sourcecode.c.h; path = Exception.h; sourceTree = "<group>"; };
		E1D591731AC4FA0C0029FFBD /* Image.h */ = {isa = PBXFileReference; fileEncoding = 4; lastKnownFileType = sourcecode.c.h; path = Image.h; sourceTree = "<group>"; };
		E1D591741AC4FA0C0029FFBD /* ImageScanner.h */ = {isa = PBXFileReference; fileEncoding = 4; lastKnownFileType = sourcecode.c.h; path = ImageScanner.h; sourceTree = "<group>"; };
		E1D591751AC4FA0C0029FFBD /* Processor.h */ = {isa = PBXFileReference; fileEncoding = 4; lastKnownFileType = sourcecode.c.h; path = Processor.h; sourceTree = "<group>"; };
		E1D591761AC4FA0C0029FFBD /* Scanner.h */ = {isa = PBXFileReference; fileEncoding = 4; lastKnownFileType = sourcecode.c.h; path = Scanner.h; sourceTree = "<group>"; };
		E1D591771AC4FA0C0029FFBD /* Symbol.h */ = {isa = PBXFileReference; fileEncoding = 4; lastKnownFileType = sourcecode.c.h; path = Symbol.h; sourceTree = "<group>"; };
		E1D591781AC4FA0C0029FFBD /* Video.h */ = {isa = PBXFileReference; fileEncoding = 4; lastKnownFileType = sourcecode.c.h; path = Video.h; sourceTree = "<group>"; };
		E1D591791AC4FA0C0029FFBD /* Window.h */ = {isa = PBXFileReference; fileEncoding = 4; lastKnownFileType = sourcecode.c.h; path = Window.h; sourceTree = "<group>"; };
		E1D5917A1AC4FA0C0029FFBD /* zbar.h */ = {isa = PBXFileReference; fileEncoding = 4; lastKnownFileType = sourcecode.c.h; path = zbar.h; sourceTree = "<group>"; };
		E1D5917B1AC4FA0C0029FFBD /* ZBarCameraSimulator.h */ = {isa = PBXFileReference; fileEncoding = 4; lastKnownFileType = sourcecode.c.h; path = ZBarCameraSimulator.h; sourceTree = "<group>"; };
		E1D5917C1AC4FA0C0029FFBD /* ZBarCaptureReader.h */ = {isa = PBXFileReference; fileEncoding = 4; lastKnownFileType = sourcecode.c.h; path = ZBarCaptureReader.h; sourceTree = "<group>"; };
		E1D5917D1AC4FA0C0029FFBD /* ZBarHelpController.h */ = {isa = PBXFileReference; fileEncoding = 4; lastKnownFileType = sourcecode.c.h; path = ZBarHelpController.h; sourceTree = "<group>"; };
		E1D5917E1AC4FA0C0029FFBD /* ZBarImage.h */ = {isa = PBXFileReference; fileEncoding = 4; lastKnownFileType = sourcecode.c.h; path = ZBarImage.h; sourceTree = "<group>"; };
		E1D5917F1AC4FA0C0029FFBD /* ZBarImageScanner.h */ = {isa = PBXFileReference; fileEncoding = 4; lastKnownFileType = sourcecode.c.h; path = ZBarImageScanner.h; sourceTree = "<group>"; };
		E1D591801AC4FA0C0029FFBD /* ZBarReaderController.h */ = {isa = PBXFileReference; fileEncoding = 4; lastKnownFileType = sourcecode.c.h; path = ZBarReaderController.h; sourceTree = "<group>"; };
		E1D591811AC4FA0C0029FFBD /* ZBarReaderView.h */ = {isa = PBXFileReference; fileEncoding = 4; lastKnownFileType = sourcecode.c.h; path = ZBarReaderView.h; sourceTree = "<group>"; };
		E1D591821AC4FA0C0029FFBD /* ZBarReaderViewController.h */ = {isa = PBXFileReference; fileEncoding = 4; lastKnownFileType = sourcecode.c.h; path = ZBarReaderViewController.h; sourceTree = "<group>"; };
		E1D591831AC4FA0C0029FFBD /* ZBarSDK.h */ = {isa = PBXFileReference; fileEncoding = 4; lastKnownFileType = sourcecode.c.h; path = ZBarSDK.h; sourceTree = "<group>"; };
		E1D591841AC4FA0C0029FFBD /* ZBarSymbol.h */ = {isa = PBXFileReference; fileEncoding = 4; lastKnownFileType = sourcecode.c.h; path = ZBarSymbol.h; sourceTree = "<group>"; };
		E1D591851AC4FA0C0029FFBD /* libzbar.a */ = {isa = PBXFileReference; lastKnownFileType = archive.ar; path = libzbar.a; sourceTree = "<group>"; };
		E1D591861AC4FA0C0029FFBD /* README */ = {isa = PBXFileReference; fileEncoding = 4; lastKnownFileType = text; path = README; sourceTree = "<group>"; };
		E1D591881AC4FA0C0029FFBD /* zbar-back.png */ = {isa = PBXFileReference; lastKnownFileType = image.png; path = "zbar-back.png"; sourceTree = "<group>"; };
		E1D591891AC4FA0C0029FFBD /* zbar-help.html */ = {isa = PBXFileReference; fileEncoding = 4; lastKnownFileType = text.html; path = "zbar-help.html"; sourceTree = "<group>"; };
		E1D5918A1AC4FA0C0029FFBD /* zbar-helpicons.png */ = {isa = PBXFileReference; lastKnownFileType = image.png; path = "zbar-helpicons.png"; sourceTree = "<group>"; };
		E1D5918B1AC4FA0C0029FFBD /* zbar-samples.png */ = {isa = PBXFileReference; lastKnownFileType = image.png; path = "zbar-samples.png"; sourceTree = "<group>"; };
		E1D5918C1AC4FA0C0029FFBD /* zbarSDK.a */ = {isa = PBXFileReference; lastKnownFileType = archive.ar; path = zbarSDK.a; sourceTree = "<group>"; };
		E1D591971AC4FDFB0029FFBD /* AVFoundation.framework */ = {isa = PBXFileReference; lastKnownFileType = wrapper.framework; name = AVFoundation.framework; path = System/Library/Frameworks/AVFoundation.framework; sourceTree = SDKROOT; };
		E1D591991AC4FE020029FFBD /* CoreMedia.framework */ = {isa = PBXFileReference; lastKnownFileType = wrapper.framework; name = CoreMedia.framework; path = System/Library/Frameworks/CoreMedia.framework; sourceTree = SDKROOT; };
		E1D5919B1AC4FE0E0029FFBD /* CoreVideo.framework */ = {isa = PBXFileReference; lastKnownFileType = wrapper.framework; name = CoreVideo.framework; path = System/Library/Frameworks/CoreVideo.framework; sourceTree = SDKROOT; };
		E1D5919D1AC4FE150029FFBD /* QuartzCore.framework */ = {isa = PBXFileReference; lastKnownFileType = wrapper.framework; name = QuartzCore.framework; path = System/Library/Frameworks/QuartzCore.framework; sourceTree = SDKROOT; };
		E1D591A21AC4FEB00029FFBD /* libiconv.2.4.0.dylib */ = {isa = PBXFileReference; lastKnownFileType = "compiled.mach-o.dylib"; name = libiconv.2.4.0.dylib; path = usr/lib/libiconv.2.4.0.dylib; sourceTree = SDKROOT; };
		E1D591A41AC4FED70029FFBD /* libz.1.2.5.dylib */ = {isa = PBXFileReference; lastKnownFileType = "compiled.mach-o.dylib"; name = libz.1.2.5.dylib; path = usr/lib/libz.1.2.5.dylib; sourceTree = SDKROOT; };
		E1D591A71AC50E5C0029FFBD /* CoreBluetooth.framework */ = {isa = PBXFileReference; lastKnownFileType = wrapper.framework; name = CoreBluetooth.framework; path = System/Library/Frameworks/CoreBluetooth.framework; sourceTree = SDKROOT; };
		E1D591AC1AC5256A0029FFBD /* CoreLocation.framework */ = {isa = PBXFileReference; lastKnownFileType = wrapper.framework; name = CoreLocation.framework; path = System/Library/Frameworks/CoreLocation.framework; sourceTree = SDKROOT; };
		E1D591AE1AC525B80029FFBD /* MapKit.framework */ = {isa = PBXFileReference; lastKnownFileType = wrapper.framework; name = MapKit.framework; path = System/Library/Frameworks/MapKit.framework; sourceTree = SDKROOT; };
		E1D591B01AC54C150029FFBD /* GJiBeanconTestViewController.h */ = {isa = PBXFileReference; fileEncoding = 4; lastKnownFileType = sourcecode.c.h; path = GJiBeanconTestViewController.h; sourceTree = "<group>"; };
		E1D591B11AC54C150029FFBD /* GJiBeanconTestViewController.m */ = {isa = PBXFileReference; fileEncoding = 4; lastKnownFileType = sourcecode.c.objc; path = GJiBeanconTestViewController.m; sourceTree = "<group>"; };
		E1D591B21AC54C150029FFBD /* GJiBeanconTestViewController.xib */ = {isa = PBXFileReference; fileEncoding = 4; lastKnownFileType = file.xib; path = GJiBeanconTestViewController.xib; sourceTree = "<group>"; };
		E1D5B1051AAAE8B3009A759F /* GJNetWorkViewController.h */ = {isa = PBXFileReference; fileEncoding = 4; lastKnownFileType = sourcecode.c.h; path = GJNetWorkViewController.h; sourceTree = "<group>"; };
		E1D5B1061AAAE8B3009A759F /* GJNetWorkViewController.m */ = {isa = PBXFileReference; fileEncoding = 4; lastKnownFileType = sourcecode.c.objc; path = GJNetWorkViewController.m; sourceTree = "<group>"; };
		E1D5B1071AAAE8B3009A759F /* GJNetWorkViewController.xib */ = {isa = PBXFileReference; fileEncoding = 4; lastKnownFileType = file.xib; path = GJNetWorkViewController.xib; sourceTree = "<group>"; };
		E1F20BF01AB04BC00059EA53 /* GJParamBase.h */ = {isa = PBXFileReference; fileEncoding = 4; lastKnownFileType = sourcecode.c.h; path = GJParamBase.h; sourceTree = "<group>"; };
		E1F20BF11AB04BC00059EA53 /* GJParamBase.m */ = {isa = PBXFileReference; fileEncoding = 4; lastKnownFileType = sourcecode.c.objc; path = GJParamBase.m; sourceTree = "<group>"; };
		E1F20BF31AB04C5F0059EA53 /* GJParamTest.h */ = {isa = PBXFileReference; fileEncoding = 4; lastKnownFileType = sourcecode.c.h; path = GJParamTest.h; sourceTree = "<group>"; };
		E1F20BF41AB04C5F0059EA53 /* GJParamTest.m */ = {isa = PBXFileReference; fileEncoding = 4; lastKnownFileType = sourcecode.c.objc; path = GJParamTest.m; sourceTree = "<group>"; };
		E1F314111B0ACB17008346E1 /* NSArray_Ext.h */ = {isa = PBXFileReference; fileEncoding = 4; lastKnownFileType = sourcecode.c.h; path = NSArray_Ext.h; sourceTree = "<group>"; };
		E1F314121B0ACB17008346E1 /* NSArray_Ext.m */ = {isa = PBXFileReference; fileEncoding = 4; lastKnownFileType = sourcecode.c.objc; path = NSArray_Ext.m; sourceTree = "<group>"; };
		E1F314131B0ACB17008346E1 /* NSDate_StringFormater.h */ = {isa = PBXFileReference; fileEncoding = 4; lastKnownFileType = sourcecode.c.h; path = NSDate_StringFormater.h; sourceTree = "<group>"; };
		E1F314141B0ACB17008346E1 /* NSDate_StringFormater.m */ = {isa = PBXFileReference; fileEncoding = 4; lastKnownFileType = sourcecode.c.objc; path = NSDate_StringFormater.m; sourceTree = "<group>"; };
		E1F314151B0ACB17008346E1 /* NSManageObjectContext_GJFactory.h */ = {isa = PBXFileReference; fileEncoding = 4; lastKnownFileType = sourcecode.c.h; path = NSManageObjectContext_GJFactory.h; sourceTree = "<group>"; };
		E1F314161B0ACB17008346E1 /* NSManageObjectContext_GJFactory.m */ = {isa = PBXFileReference; fileEncoding = 4; lastKnownFileType = sourcecode.c.objc; path = NSManageObjectContext_GJFactory.m; sourceTree = "<group>"; };
		E1F314171B0ACB17008346E1 /* NSObject_JsonConverter.h */ = {isa = PBXFileReference; fileEncoding = 4; lastKnownFileType = sourcecode.c.h; path = NSObject_JsonConverter.h; sourceTree = "<group>"; };
		E1F314181B0ACB17008346E1 /* NSObject_JsonConverter.m */ = {isa = PBXFileReference; fileEncoding = 4; lastKnownFileType = sourcecode.c.objc; path = NSObject_JsonConverter.m; sourceTree = "<group>"; };
		E1F314191B0ACB17008346E1 /* NSString_Ext.h */ = {isa = PBXFileReference; fileEncoding = 4; lastKnownFileType = sourcecode.c.h; path = NSString_Ext.h; sourceTree = "<group>"; };
		E1F3141A1B0ACB17008346E1 /* NSString_Ext.m */ = {isa = PBXFileReference; fileEncoding = 4; lastKnownFileType = sourcecode.c.objc; path = NSString_Ext.m; sourceTree = "<group>"; };
		E1F314241B0AD19E008346E1 /* GJImageUtils.h */ = {isa = PBXFileReference; fileEncoding = 4; lastKnownFileType = sourcecode.c.h; path = GJImageUtils.h; sourceTree = "<group>"; };
		E1F314251B0AD19E008346E1 /* GJImageUtils.m */ = {isa = PBXFileReference; fileEncoding = 4; lastKnownFileType = sourcecode.c.objc; path = GJImageUtils.m; sourceTree = "<group>"; };
		E1F3142A1B0AD33F008346E1 /* GJHttpClient.h */ = {isa = PBXFileReference; fileEncoding = 4; lastKnownFileType = sourcecode.c.h; path = GJHttpClient.h; sourceTree = "<group>"; };
		E1F3142B1B0AD33F008346E1 /* GJHttpClient.m */ = {isa = PBXFileReference; fileEncoding = 4; lastKnownFileType = sourcecode.c.objc; path = GJHttpClient.m; sourceTree = "<group>"; };
		E1F3142E1B0AD375008346E1 /* GJCacheImage.h */ = {isa = PBXFileReference; fileEncoding = 4; lastKnownFileType = sourcecode.c.h; path = GJCacheImage.h; sourceTree = "<group>"; };
		E1F3142F1B0AD375008346E1 /* GJCacheImage.m */ = {isa = PBXFileReference; fileEncoding = 4; lastKnownFileType = sourcecode.c.objc; path = GJCacheImage.m; sourceTree = "<group>"; };
		E1FF72811A92B71A0036777A /* Demo.app */ = {isa = PBXFileReference; explicitFileType = wrapper.application; includeInIndex = 0; path = Demo.app; sourceTree = BUILT_PRODUCTS_DIR; };
		E1FF72851A92B71A0036777A /* Info.plist */ = {isa = PBXFileReference; lastKnownFileType = text.plist.xml; path = Info.plist; sourceTree = "<group>"; };
		E1FF72861A92B71A0036777A /* main.m */ = {isa = PBXFileReference; lastKnownFileType = sourcecode.c.objc; path = main.m; sourceTree = "<group>"; };
		E1FF72881A92B71A0036777A /* AppDelegate.h */ = {isa = PBXFileReference; lastKnownFileType = sourcecode.c.h; path = AppDelegate.h; sourceTree = "<group>"; };
		E1FF72891A92B71A0036777A /* AppDelegate.m */ = {isa = PBXFileReference; lastKnownFileType = sourcecode.c.objc; path = AppDelegate.m; sourceTree = "<group>"; };
		E1FF728B1A92B71A0036777A /* MasterViewController.h */ = {isa = PBXFileReference; lastKnownFileType = sourcecode.c.h; path = MasterViewController.h; sourceTree = "<group>"; };
		E1FF728C1A92B71A0036777A /* MasterViewController.m */ = {isa = PBXFileReference; lastKnownFileType = sourcecode.c.objc; path = MasterViewController.m; sourceTree = "<group>"; };
		E1FF72921A92B71A0036777A /* Base */ = {isa = PBXFileReference; lastKnownFileType = file.storyboard; name = Base; path = Base.lproj/Main.storyboard; sourceTree = "<group>"; };
		E1FF72941A92B71A0036777A /* Images.xcassets */ = {isa = PBXFileReference; lastKnownFileType = folder.assetcatalog; path = Images.xcassets; sourceTree = "<group>"; };
		E1FF72971A92B71A0036777A /* Base */ = {isa = PBXFileReference; lastKnownFileType = file.xib; name = Base; path = Base.lproj/LaunchScreen.xib; sourceTree = "<group>"; };
		E1FF729D1A92B71A0036777A /* DemoTests.xctest */ = {isa = PBXFileReference; explicitFileType = wrapper.cfbundle; includeInIndex = 0; path = DemoTests.xctest; sourceTree = BUILT_PRODUCTS_DIR; };
		E1FF72A21A92B71A0036777A /* Info.plist */ = {isa = PBXFileReference; lastKnownFileType = text.plist.xml; path = Info.plist; sourceTree = "<group>"; };
		E1FF72A31A92B71A0036777A /* DemoTests.m */ = {isa = PBXFileReference; lastKnownFileType = sourcecode.c.objc; path = DemoTests.m; sourceTree = "<group>"; };
		E1FF72B21A92BA950036777A /* SettingsUtil.h */ = {isa = PBXFileReference; fileEncoding = 4; lastKnownFileType = sourcecode.c.h; path = SettingsUtil.h; sourceTree = "<group>"; };
		E1FF72B31A92BA950036777A /* SettingsUtil.m */ = {isa = PBXFileReference; fileEncoding = 4; lastKnownFileType = sourcecode.c.objc; path = SettingsUtil.m; sourceTree = "<group>"; };
		E1FF72B51A92BAA90036777A /* ExpendTableView.plist */ = {isa = PBXFileReference; fileEncoding = 4; lastKnownFileType = text.plist.xml; path = ExpendTableView.plist; sourceTree = "<group>"; };
		E1FF72B71A92BBE90036777A /* settings.plist */ = {isa = PBXFileReference; fileEncoding = 4; lastKnownFileType = text.plist.xml; path = settings.plist; sourceTree = "<group>"; };
		E1FF72B91A92BE6A0036777A /* GJSectionInfo.h */ = {isa = PBXFileReference; fileEncoding = 4; lastKnownFileType = sourcecode.c.h; path = GJSectionInfo.h; sourceTree = "<group>"; };
		E1FF72BA1A92BE6A0036777A /* GJSectionInfo.m */ = {isa = PBXFileReference; fileEncoding = 4; lastKnownFileType = sourcecode.c.objc; path = GJSectionInfo.m; sourceTree = "<group>"; };
		E1FF72BC1A92BE7D0036777A /* GJCellInfo.h */ = {isa = PBXFileReference; fileEncoding = 4; lastKnownFileType = sourcecode.c.h; path = GJCellInfo.h; sourceTree = "<group>"; };
		E1FF72BD1A92BE7D0036777A /* GJCellInfo.m */ = {isa = PBXFileReference; fileEncoding = 4; lastKnownFileType = sourcecode.c.objc; path = GJCellInfo.m; sourceTree = "<group>"; };
		E1FF72BF1A92BEFB0036777A /* GJExpendHeaderView.h */ = {isa = PBXFileReference; fileEncoding = 4; lastKnownFileType = sourcecode.c.h; path = GJExpendHeaderView.h; sourceTree = "<group>"; };
		E1FF72C01A92BEFB0036777A /* GJExpendHeaderView.m */ = {isa = PBXFileReference; fileEncoding = 4; lastKnownFileType = sourcecode.c.objc; path = GJExpendHeaderView.m; sourceTree = "<group>"; };
		E1FF72C21A92BF190036777A /* GJExpendHeaderView.xib */ = {isa = PBXFileReference; fileEncoding = 4; lastKnownFileType = file.xib; path = GJExpendHeaderView.xib; sourceTree = "<group>"; };
		E1FF72CB1A92C5310036777A /* GJExpendTableViewController.h */ = {isa = PBXFileReference; fileEncoding = 4; lastKnownFileType = sourcecode.c.h; path = GJExpendTableViewController.h; sourceTree = "<group>"; };
		E1FF72CC1A92C5310036777A /* GJExpendTableViewController.m */ = {isa = PBXFileReference; fileEncoding = 4; lastKnownFileType = sourcecode.c.objc; path = GJExpendTableViewController.m; sourceTree = "<group>"; };
		E1FF72CD1A92C5310036777A /* GJExpendTableViewController.xib */ = {isa = PBXFileReference; fileEncoding = 4; lastKnownFileType = file.xib; path = GJExpendTableViewController.xib; sourceTree = "<group>"; };
/* End PBXFileReference section */

/* Begin PBXFrameworksBuildPhase section */
		E1FF727E1A92B71A0036777A /* Frameworks */ = {
			isa = PBXFrameworksBuildPhase;
			buildActionMask = 2147483647;
			files = (
				E1D591AF1AC525B80029FFBD /* MapKit.framework in Frameworks */,
				E1D591AD1AC5256A0029FFBD /* CoreLocation.framework in Frameworks */,
				E1D591A81AC50E5C0029FFBD /* CoreBluetooth.framework in Frameworks */,
				E1D5919E1AC4FE150029FFBD /* QuartzCore.framework in Frameworks */,
				E1D5919C1AC4FE0E0029FFBD /* CoreVideo.framework in Frameworks */,
				E1D5919A1AC4FE020029FFBD /* CoreMedia.framework in Frameworks */,
				E1D591981AC4FDFB0029FFBD /* AVFoundation.framework in Frameworks */,
				E1D591A51AC4FED70029FFBD /* libz.1.2.5.dylib in Frameworks */,
				E1D591A31AC4FEB00029FFBD /* libiconv.2.4.0.dylib in Frameworks */,
				E1D591961AC4FAEB0029FFBD /* libzbar.a in Frameworks */,
				E1D591951AC4FADA0029FFBD /* zbarSDK.a in Frameworks */,
			);
			runOnlyForDeploymentPostprocessing = 0;
		};
		E1FF729A1A92B71A0036777A /* Frameworks */ = {
			isa = PBXFrameworksBuildPhase;
			buildActionMask = 2147483647;
			files = (
			);
			runOnlyForDeploymentPostprocessing = 0;
		};
/* End PBXFrameworksBuildPhase section */

/* Begin PBXGroup section */
		E10129F51ACA849500D99724 /* BlueTooth */ = {
			isa = PBXGroup;
			children = (
				E16B83C41B097453001BEFEB /* ConstBlueTooth.h */,
				E10129F61ACA84C000D99724 /* GJBlueToothTableViewController.h */,
				E10129F71ACA84C000D99724 /* GJBlueToothTableViewController.m */,
				E10129F81ACA84C000D99724 /* GJBlueToothTableViewController.xib */,
				E10129FB1ACA8CC100D99724 /* GJBlueClientViewController.h */,
				E10129FC1ACA8CC100D99724 /* GJBlueClientViewController.m */,
				E10129FD1ACA8CC100D99724 /* GJBlueClientViewController.xib */,
				E171FA0A1ACB81AF004BA2E7 /* GJBlueServerViewController.h */,
				E171FA0B1ACB81AF004BA2E7 /* GJBlueServerViewController.m */,
				E171FA0C1ACB81AF004BA2E7 /* GJBlueServerViewController.xib */,
				E171FA0F1ACBE704004BA2E7 /* GJBlueToothCopyViewController.h */,
				E171FA101ACBE704004BA2E7 /* GJBlueToothCopyViewController.m */,
				E171FA111ACBE704004BA2E7 /* GJBlueToothCopyViewController.xib */,
				E1C5C3831ACCD6D200E2C548 /* GJBlueToothCopier.h */,
				E1C5C3841ACCD6D200E2C548 /* GJBlueToothCopier.m */,
			);
			path = BlueTooth;
			sourceTree = "<group>";
		};
		E114A7F81ADE174A001BC548 /* CoreData */ = {
			isa = PBXGroup;
			children = (
				E114A8011ADE63B7001BC548 /* Model.xcdatamodeld */,
				E114A8041ADE6464001BC548 /* NSManagedObjectContext_GJFactory.h */,
				E114A8051ADE6464001BC548 /* NSManagedObjectContext_GJFactory.m */,
				E114A80C1ADE6F87001BC548 /* GJCoreDataTabViewController.h */,
				E114A80D1ADE6F87001BC548 /* GJCoreDataTabViewController.m */,
				E114A80E1ADE6F87001BC548 /* GJCoreDataTabViewController.xib */,
				E114A81B1ADE74C4001BC548 /* GJBaseTableViewController.h */,
				E114A81C1ADE74C4001BC548 /* GJBaseTableViewController.m */,
				E114A8111ADE7032001BC548 /* GJBookTableViewController.h */,
				E114A8121ADE7032001BC548 /* GJBookTableViewController.m */,
				E114A8131ADE7032001BC548 /* GJBookTableViewController.xib */,
				E114A8161ADE7048001BC548 /* GJAuthorTableViewController.h */,
				E114A8171ADE7048001BC548 /* GJAuthorTableViewController.m */,
				E114A8181ADE7048001BC548 /* GJAuthorTableViewController.xib */,
			);
			path = CoreData;
			sourceTree = "<group>";
		};
		E114A7F91ADE1772001BC548 /* Shake */ = {
			isa = PBXGroup;
			children = (
				E114A7FF1ADE1946001BC548 /* shake.mp3 */,
				E114A7FA1ADE17B7001BC548 /* GJShakeViewController.h */,
				E114A7FB1ADE17B7001BC548 /* GJShakeViewController.m */,
				E114A7FC1ADE17B7001BC548 /* GJShakeViewController.xib */,
			);
			path = Shake;
			sourceTree = "<group>";
		};
		E1523D4E1AB68AE500E46170 /* Common */ = {
			isa = PBXGroup;
			children = (
				E16B83C51B09C796001BEFEB /* MyFrameWork */,
			);
			path = Common;
			sourceTree = "<group>";
		};
		E16B83C51B09C796001BEFEB /* MyFrameWork */ = {
			isa = PBXGroup;
			children = (
				E1F314271B0AD2BA008346E1 /* NetWork */,
				E1F314201B0AD105008346E1 /* Utils */,
				E1F314101B0ACB17008346E1 /* Extention */,
			);
			path = MyFrameWork;
			sourceTree = "<group>";
		};
		E17960A01AB96B05006512D6 /* CustomZBar */ = {
			isa = PBXGroup;
			children = (
				E1D5916C1AC4FA0C0029FFBD /* ZBarSDK */,
				E17960D11AB96B95006512D6 /* GJCustomZBarViewController.h */,
				E17960D21AB96B95006512D6 /* GJCustomZBarViewController.m */,
				E17960D31AB96B95006512D6 /* GJCustomZBarViewController.xib */,
				E17960D71AB96C81006512D6 /* GJZBarTestViewController.h */,
				E17960D81AB96C81006512D6 /* GJZBarTestViewController.m */,
				E17960D91AB96C81006512D6 /* GJZBarTestViewController.xib */,
			);
			path = CustomZBar;
			sourceTree = "<group>";
		};
		E1D5916C1AC4FA0C0029FFBD /* ZBarSDK */ = {
			isa = PBXGroup;
			children = (
				E1D5916D1AC4FA0C0029FFBD /* .gitignore */,
				E1D5916E1AC4FA0C0029FFBD /* Headers */,
				E1D591851AC4FA0C0029FFBD /* libzbar.a */,
				E1D591861AC4FA0C0029FFBD /* README */,
				E1D591871AC4FA0C0029FFBD /* Resources */,
				E1D5918C1AC4FA0C0029FFBD /* zbarSDK.a */,
			);
			path = ZBarSDK;
			sourceTree = "<group>";
		};
		E1D5916E1AC4FA0C0029FFBD /* Headers */ = {
			isa = PBXGroup;
			children = (
				E1D5916F1AC4FA0C0029FFBD /* ZBarSDK */,
			);
			path = Headers;
			sourceTree = "<group>";
		};
		E1D5916F1AC4FA0C0029FFBD /* ZBarSDK */ = {
			isa = PBXGroup;
			children = (
				E1D591701AC4FA0C0029FFBD /* zbar */,
				E1D5917A1AC4FA0C0029FFBD /* zbar.h */,
				E1D5917B1AC4FA0C0029FFBD /* ZBarCameraSimulator.h */,
				E1D5917C1AC4FA0C0029FFBD /* ZBarCaptureReader.h */,
				E1D5917D1AC4FA0C0029FFBD /* ZBarHelpController.h */,
				E1D5917E1AC4FA0C0029FFBD /* ZBarImage.h */,
				E1D5917F1AC4FA0C0029FFBD /* ZBarImageScanner.h */,
				E1D591801AC4FA0C0029FFBD /* ZBarReaderController.h */,
				E1D591811AC4FA0C0029FFBD /* ZBarReaderView.h */,
				E1D591821AC4FA0C0029FFBD /* ZBarReaderViewController.h */,
				E1D591831AC4FA0C0029FFBD /* ZBarSDK.h */,
				E1D591841AC4FA0C0029FFBD /* ZBarSymbol.h */,
			);
			path = ZBarSDK;
			sourceTree = "<group>";
		};
		E1D591701AC4FA0C0029FFBD /* zbar */ = {
			isa = PBXGroup;
			children = (
				E1D591711AC4FA0C0029FFBD /* Decoder.h */,
				E1D591721AC4FA0C0029FFBD /* Exception.h */,
				E1D591731AC4FA0C0029FFBD /* Image.h */,
				E1D591741AC4FA0C0029FFBD /* ImageScanner.h */,
				E1D591751AC4FA0C0029FFBD /* Processor.h */,
				E1D591761AC4FA0C0029FFBD /* Scanner.h */,
				E1D591771AC4FA0C0029FFBD /* Symbol.h */,
				E1D591781AC4FA0C0029FFBD /* Video.h */,
				E1D591791AC4FA0C0029FFBD /* Window.h */,
			);
			path = zbar;
			sourceTree = "<group>";
		};
		E1D591871AC4FA0C0029FFBD /* Resources */ = {
			isa = PBXGroup;
			children = (
				E1D591881AC4FA0C0029FFBD /* zbar-back.png */,
				E1D591891AC4FA0C0029FFBD /* zbar-help.html */,
				E1D5918A1AC4FA0C0029FFBD /* zbar-helpicons.png */,
				E1D5918B1AC4FA0C0029FFBD /* zbar-samples.png */,
			);
			path = Resources;
			sourceTree = "<group>";
		};
		E1D591A11AC4FE6C0029FFBD /* Frameworks */ = {
			isa = PBXGroup;
			children = (
				E1D591AE1AC525B80029FFBD /* MapKit.framework */,
				E1D591AC1AC5256A0029FFBD /* CoreLocation.framework */,
				E1D591A41AC4FED70029FFBD /* libz.1.2.5.dylib */,
				E1D591A21AC4FEB00029FFBD /* libiconv.2.4.0.dylib */,
				E1D591A71AC50E5C0029FFBD /* CoreBluetooth.framework */,
				E1D5919D1AC4FE150029FFBD /* QuartzCore.framework */,
				E1D5919B1AC4FE0E0029FFBD /* CoreVideo.framework */,
				E1D591991AC4FE020029FFBD /* CoreMedia.framework */,
				E1D591971AC4FDFB0029FFBD /* AVFoundation.framework */,
			);
			name = Frameworks;
			path = Demo/Frameworks;
			sourceTree = "<group>";
		};
		E1D591A61AC50E2C0029FFBD /* iBeacon */ = {
			isa = PBXGroup;
			children = (
				E1C26B091AC69F3A00B6F7CF /* GJBeaconBroadcaster.h */,
				E1C26B0A1AC69F3A00B6F7CF /* GJBeaconBroadcaster.m */,
				E1C26B0C1AC6A17000B6F7CF /* GJBeaconDetector.h */,
				E1C26B0D1AC6A17000B6F7CF /* GJBeaconDetector.m */,
				E1D591B01AC54C150029FFBD /* GJiBeanconTestViewController.h */,
				E1D591B11AC54C150029FFBD /* GJiBeanconTestViewController.m */,
				E1D591B21AC54C150029FFBD /* GJiBeanconTestViewController.xib */,
			);
			path = iBeacon;
			sourceTree = "<group>";
		};
		E1D5B1041AAAE850009A759F /* NetWork */ = {
			isa = PBXGroup;
			children = (
				E1F20BEF1AB04BA60059EA53 /* Param */,
				E1D5B1051AAAE8B3009A759F /* GJNetWorkViewController.h */,
				E1D5B1061AAAE8B3009A759F /* GJNetWorkViewController.m */,
				E1D5B1071AAAE8B3009A759F /* GJNetWorkViewController.xib */,
				E17BA2951AEC887300020149 /* GJSessionHttpClient.h */,
				E17BA2961AEC887300020149 /* GJSessionHttpClient.m */,
			);
			path = NetWork;
			sourceTree = "<group>";
		};
		E1F20BEF1AB04BA60059EA53 /* Param */ = {
			isa = PBXGroup;
			children = (
				E1F20BF01AB04BC00059EA53 /* GJParamBase.h */,
				E1F20BF11AB04BC00059EA53 /* GJParamBase.m */,
				E1F20BF31AB04C5F0059EA53 /* GJParamTest.h */,
				E1F20BF41AB04C5F0059EA53 /* GJParamTest.m */,
			);
			path = Param;
			sourceTree = "<group>";
		};
		E1F314101B0ACB17008346E1 /* Extention */ = {
			isa = PBXGroup;
			children = (
				E1F314111B0ACB17008346E1 /* NSArray_Ext.h */,
				E1F314121B0ACB17008346E1 /* NSArray_Ext.m */,
				E1F314131B0ACB17008346E1 /* NSDate_StringFormater.h */,
				E1F314141B0ACB17008346E1 /* NSDate_StringFormater.m */,
				E1F314151B0ACB17008346E1 /* NSManageObjectContext_GJFactory.h */,
				E1F314161B0ACB17008346E1 /* NSManageObjectContext_GJFactory.m */,
				E1F314171B0ACB17008346E1 /* NSObject_JsonConverter.h */,
				E1F314181B0ACB17008346E1 /* NSObject_JsonConverter.m */,
				E1F314191B0ACB17008346E1 /* NSString_Ext.h */,
				E1F3141A1B0ACB17008346E1 /* NSString_Ext.m */,
			);
			path = Extention;
			sourceTree = "<group>";
		};
		E1F314201B0AD105008346E1 /* Utils */ = {
			isa = PBXGroup;
			children = (
				E1F314241B0AD19E008346E1 /* GJImageUtils.h */,
				E1F314251B0AD19E008346E1 /* GJImageUtils.m */,
			);
			path = Utils;
			sourceTree = "<group>";
		};
		E1F314271B0AD2BA008346E1 /* NetWork */ = {
			isa = PBXGroup;
			children = (
				E1F3142E1B0AD375008346E1 /* GJCacheImage.h */,
				E1F3142F1B0AD375008346E1 /* GJCacheImage.m */,
				E1F3142A1B0AD33F008346E1 /* GJHttpClient.h */,
				E1F3142B1B0AD33F008346E1 /* GJHttpClient.m */,
			);
			path = NetWork;
			sourceTree = "<group>";
		};
		E1FF72781A92B71A0036777A = {
			isa = PBXGroup;
			children = (
				E1FF72831A92B71A0036777A /* Demo */,
				E1FF72A01A92B71A0036777A /* DemoTests */,
				E1FF72821A92B71A0036777A /* Products */,
				E1D591A11AC4FE6C0029FFBD /* Frameworks */,
			);
			sourceTree = "<group>";
		};
		E1FF72821A92B71A0036777A /* Products */ = {
			isa = PBXGroup;
			children = (
				E1FF72811A92B71A0036777A /* Demo.app */,
				E1FF729D1A92B71A0036777A /* DemoTests.xctest */,
			);
			name = Products;
			sourceTree = "<group>";
		};
		E1FF72831A92B71A0036777A /* Demo */ = {
			isa = PBXGroup;
			children = (
				E114A7F91ADE1772001BC548 /* Shake */,
				E114A7F81ADE174A001BC548 /* CoreData */,
				E10129F51ACA849500D99724 /* BlueTooth */,
				E1D591A61AC50E2C0029FFBD /* iBeacon */,
				E17960A01AB96B05006512D6 /* CustomZBar */,
				E1523D4E1AB68AE500E46170 /* Common */,
				E1D5B1041AAAE850009A759F /* NetWork */,
				E1FF72B11A92BA7E0036777A /* Utils */,
				E1FF72AD1A92B9730036777A /* GJExpendTableView */,
				E1FF72881A92B71A0036777A /* AppDelegate.h */,
				E1FF72891A92B71A0036777A /* AppDelegate.m */,
				E1FF728B1A92B71A0036777A /* MasterViewController.h */,
				E1FF728C1A92B71A0036777A /* MasterViewController.m */,
				E1FF72911A92B71A0036777A /* Main.storyboard */,
				E17960DC1AB972D8006512D6 /* GJBaseViewController.h */,
				E17960DD1AB972D8006512D6 /* GJBaseViewController.m */,
				E1FF72941A92B71A0036777A /* Images.xcassets */,
				E1FF72961A92B71A0036777A /* LaunchScreen.xib */,
				E1FF72841A92B71A0036777A /* Supporting Files */,
			);
			path = Demo;
			sourceTree = "<group>";
		};
		E1FF72841A92B71A0036777A /* Supporting Files */ = {
			isa = PBXGroup;
			children = (
				E1FF72B71A92BBE90036777A /* settings.plist */,
				E1FF72851A92B71A0036777A /* Info.plist */,
				E1FF72861A92B71A0036777A /* main.m */,
			);
			name = "Supporting Files";
			sourceTree = "<group>";
		};
		E1FF72A01A92B71A0036777A /* DemoTests */ = {
			isa = PBXGroup;
			children = (
				E1FF72A31A92B71A0036777A /* DemoTests.m */,
				E1FF72A11A92B71A0036777A /* Supporting Files */,
			);
			path = DemoTests;
			sourceTree = "<group>";
		};
		E1FF72A11A92B71A0036777A /* Supporting Files */ = {
			isa = PBXGroup;
			children = (
				E1FF72A21A92B71A0036777A /* Info.plist */,
			);
			name = "Supporting Files";
			sourceTree = "<group>";
		};
		E1FF72AD1A92B9730036777A /* GJExpendTableView */ = {
			isa = PBXGroup;
			children = (
				E1FF72B51A92BAA90036777A /* ExpendTableView.plist */,
				E1FF72CB1A92C5310036777A /* GJExpendTableViewController.h */,
				E1FF72CC1A92C5310036777A /* GJExpendTableViewController.m */,
				E1FF72CD1A92C5310036777A /* GJExpendTableViewController.xib */,
				E1FF72B91A92BE6A0036777A /* GJSectionInfo.h */,
				E1FF72BA1A92BE6A0036777A /* GJSectionInfo.m */,
				E1FF72BC1A92BE7D0036777A /* GJCellInfo.h */,
				E1FF72BD1A92BE7D0036777A /* GJCellInfo.m */,
				E1FF72BF1A92BEFB0036777A /* GJExpendHeaderView.h */,
				E1FF72C01A92BEFB0036777A /* GJExpendHeaderView.m */,
				E1FF72C21A92BF190036777A /* GJExpendHeaderView.xib */,
				E1D2EBF41A9412A80048F8B1 /* GJExpendTableViewCell.h */,
				E1D2EBF51A9412A80048F8B1 /* GJExpendTableViewCell.m */,
				E1D2EBF61A9412A80048F8B1 /* GJExpendTableViewCell.xib */,
			);
			path = GJExpendTableView;
			sourceTree = "<group>";
		};
		E1FF72B11A92BA7E0036777A /* Utils */ = {
			isa = PBXGroup;
			children = (
				E1FF72B21A92BA950036777A /* SettingsUtil.h */,
				E1FF72B31A92BA950036777A /* SettingsUtil.m */,
				E1CDCB1C1B019EDA0061EFD1 /* GJImageFileManager.h */,
				E1CDCB1D1B019EDA0061EFD1 /* GJImageFileManager.m */,
			);
			path = Utils;
			sourceTree = "<group>";
		};
/* End PBXGroup section */

/* Begin PBXNativeTarget section */
		E1FF72801A92B71A0036777A /* Demo */ = {
			isa = PBXNativeTarget;
			buildConfigurationList = E1FF72A71A92B71A0036777A /* Build configuration list for PBXNativeTarget "Demo" */;
			buildPhases = (
				E1FF727D1A92B71A0036777A /* Sources */,
				E1FF727E1A92B71A0036777A /* Frameworks */,
				E1FF727F1A92B71A0036777A /* Resources */,
			);
			buildRules = (
			);
			dependencies = (
			);
			name = Demo;
			productName = Demo;
			productReference = E1FF72811A92B71A0036777A /* Demo.app */;
			productType = "com.apple.product-type.application";
		};
		E1FF729C1A92B71A0036777A /* DemoTests */ = {
			isa = PBXNativeTarget;
			buildConfigurationList = E1FF72AA1A92B71A0036777A /* Build configuration list for PBXNativeTarget "DemoTests" */;
			buildPhases = (
				E1FF72991A92B71A0036777A /* Sources */,
				E1FF729A1A92B71A0036777A /* Frameworks */,
				E1FF729B1A92B71A0036777A /* Resources */,
			);
			buildRules = (
			);
			dependencies = (
				E1FF729F1A92B71A0036777A /* PBXTargetDependency */,
			);
			name = DemoTests;
			productName = DemoTests;
			productReference = E1FF729D1A92B71A0036777A /* DemoTests.xctest */;
			productType = "com.apple.product-type.bundle.unit-test";
		};
/* End PBXNativeTarget section */

/* Begin PBXProject section */
		E1FF72791A92B71A0036777A /* Project object */ = {
			isa = PBXProject;
			attributes = {
				LastUpgradeCheck = 0610;
				ORGANIZATIONNAME = gaojun;
				TargetAttributes = {
					E1FF72801A92B71A0036777A = {
						CreatedOnToolsVersion = 6.1.1;
					};
					E1FF729C1A92B71A0036777A = {
						CreatedOnToolsVersion = 6.1.1;
						TestTargetID = E1FF72801A92B71A0036777A;
					};
				};
			};
			buildConfigurationList = E1FF727C1A92B71A0036777A /* Build configuration list for PBXProject "Demo" */;
			compatibilityVersion = "Xcode 3.2";
			developmentRegion = English;
			hasScannedForEncodings = 0;
			knownRegions = (
				en,
				Base,
			);
			mainGroup = E1FF72781A92B71A0036777A;
			productRefGroup = E1FF72821A92B71A0036777A /* Products */;
			projectDirPath = "";
			projectRoot = "";
			targets = (
				E1FF72801A92B71A0036777A /* Demo */,
				E1FF729C1A92B71A0036777A /* DemoTests */,
			);
		};
/* End PBXProject section */

/* Begin PBXResourcesBuildPhase section */
		E1FF727F1A92B71A0036777A /* Resources */ = {
			isa = PBXResourcesBuildPhase;
			buildActionMask = 2147483647;
			files = (
				E1D591B41AC54C150029FFBD /* GJiBeanconTestViewController.xib in Resources */,
				E10129FF1ACA8CC100D99724 /* GJBlueClientViewController.xib in Resources */,
				E1D5918F1AC4FA0C0029FFBD /* README in Resources */,
				E114A8151ADE7032001BC548 /* GJBookTableViewController.xib in Resources */,
				E1D591911AC4FA0C0029FFBD /* zbar-help.html in Resources */,
				E1FF72931A92B71A0036777A /* Main.storyboard in Resources */,
				E1FF72CF1A92C5310036777A /* GJExpendTableViewController.xib in Resources */,
				E1D2EBF81A9412A80048F8B1 /* GJExpendTableViewCell.xib in Resources */,
				E1FF72B61A92BAA90036777A /* ExpendTableView.plist in Resources */,
				E1D591921AC4FA0C0029FFBD /* zbar-helpicons.png in Resources */,
				E1D5918D1AC4FA0C0029FFBD /* .gitignore in Resources */,
				E114A8101ADE6F87001BC548 /* GJCoreDataTabViewController.xib in Resources */,
				E1D591931AC4FA0C0029FFBD /* zbar-samples.png in Resources */,
				E1FF72981A92B71A0036777A /* LaunchScreen.xib in Resources */,
				E1FF72951A92B71A0036777A /* Images.xcassets in Resources */,
				E114A7FE1ADE17B7001BC548 /* GJShakeViewController.xib in Resources */,
				E17960D61AB96B95006512D6 /* GJCustomZBarViewController.xib in Resources */,
				E1D591901AC4FA0C0029FFBD /* zbar-back.png in Resources */,
				E10129FA1ACA84C000D99724 /* GJBlueToothTableViewController.xib in Resources */,
				E114A81A1ADE7048001BC548 /* GJAuthorTableViewController.xib in Resources */,
				E1FF72C31A92BF190036777A /* GJExpendHeaderView.xib in Resources */,
				E171FA0E1ACB81AF004BA2E7 /* GJBlueServerViewController.xib in Resources */,
				E114A8001ADE1946001BC548 /* shake.mp3 in Resources */,
				E1FF72B81A92BBE90036777A /* settings.plist in Resources */,
				E171FA131ACBE704004BA2E7 /* GJBlueToothCopyViewController.xib in Resources */,
				E1D5B1091AAAE8B3009A759F /* GJNetWorkViewController.xib in Resources */,
				E17960DB1AB96C81006512D6 /* GJZBarTestViewController.xib in Resources */,
			);
			runOnlyForDeploymentPostprocessing = 0;
		};
		E1FF729B1A92B71A0036777A /* Resources */ = {
			isa = PBXResourcesBuildPhase;
			buildActionMask = 2147483647;
			files = (
			);
			runOnlyForDeploymentPostprocessing = 0;
		};
/* End PBXResourcesBuildPhase section */

/* Begin PBXSourcesBuildPhase section */
		E1FF727D1A92B71A0036777A /* Sources */ = {
			isa = PBXSourcesBuildPhase;
			buildActionMask = 2147483647;
			files = (
				E1F20BF51AB04C5F0059EA53 /* GJParamTest.m in Sources */,
				E1D5B1081AAAE8B3009A759F /* GJNetWorkViewController.m in Sources */,
				E114A8191ADE7048001BC548 /* GJAuthorTableViewController.m in Sources */,
				E114A8031ADE63B7001BC548 /* Model.xcdatamodeld in Sources */,
				E114A8061ADE6464001BC548 /* NSManagedObjectContext_GJFactory.m in Sources */,
				E1C26B0E1AC6A17000B6F7CF /* GJBeaconDetector.m in Sources */,
				E17960DA1AB96C81006512D6 /* GJZBarTestViewController.m in Sources */,
				E1FF728A1A92B71A0036777A /* AppDelegate.m in Sources */,
				E10129F91ACA84C000D99724 /* GJBlueToothTableViewController.m in Sources */,
				E1F314301B0AD375008346E1 /* GJCacheImage.m in Sources */,
				E1CDCB1E1B019EDA0061EFD1 /* GJImageFileManager.m in Sources */,
				E10129FE1ACA8CC100D99724 /* GJBlueClientViewController.m in Sources */,
				E1D2EBF71A9412A80048F8B1 /* GJExpendTableViewCell.m in Sources */,
				E1FF72B41A92BA950036777A /* SettingsUtil.m in Sources */,
				E1F3141D1B0ACB17008346E1 /* NSManageObjectContext_GJFactory.m in Sources */,
				E17BA2971AEC887300020149 /* GJSessionHttpClient.m in Sources */,
				E171FA121ACBE704004BA2E7 /* GJBlueToothCopyViewController.m in Sources */,
				E1F3142D1B0AD33F008346E1 /* GJHttpClient.m in Sources */,
				E17960DE1AB972D8006512D6 /* GJBaseViewController.m in Sources */,
				E1FF728D1A92B71A0036777A /* MasterViewController.m in Sources */,
				E1F3141B1B0ACB17008346E1 /* NSArray_Ext.m in Sources */,
				E1FF72BE1A92BE7D0036777A /* GJCellInfo.m in Sources */,
				E1FF72CE1A92C5310036777A /* GJExpendTableViewController.m in Sources */,
				E171FA0D1ACB81AF004BA2E7 /* GJBlueServerViewController.m in Sources */,
				E1C5C3851ACCD6D200E2C548 /* GJBlueToothCopier.m in Sources */,
				E1F3141F1B0ACB17008346E1 /* NSString_Ext.m in Sources */,
				E114A80F1ADE6F87001BC548 /* GJCoreDataTabViewController.m in Sources */,
				E17960D51AB96B95006512D6 /* GJCustomZBarViewController.m in Sources */,
				E1F3141C1B0ACB17008346E1 /* NSDate_StringFormater.m in Sources */,
				E114A8141ADE7032001BC548 /* GJBookTableViewController.m in Sources */,
				E1FF72BB1A92BE6A0036777A /* GJSectionInfo.m in Sources */,
				E114A81D1ADE74C4001BC548 /* GJBaseTableViewController.m in Sources */,
				E1F314261B0AD19E008346E1 /* GJImageUtils.m in Sources */,
				E1D591B31AC54C150029FFBD /* GJiBeanconTestViewController.m in Sources */,
				E1C26B0B1AC69F3A00B6F7CF /* GJBeaconBroadcaster.m in Sources */,
				E1FF72C11A92BEFB0036777A /* GJExpendHeaderView.m in Sources */,
				E1F3141E1B0ACB17008346E1 /* NSObject_JsonConverter.m in Sources */,
				E1F20BF21AB04BC00059EA53 /* GJParamBase.m in Sources */,
				E1FF72871A92B71A0036777A /* main.m in Sources */,
				E114A7FD1ADE17B7001BC548 /* GJShakeViewController.m in Sources */,
			);
			runOnlyForDeploymentPostprocessing = 0;
		};
		E1FF72991A92B71A0036777A /* Sources */ = {
			isa = PBXSourcesBuildPhase;
			buildActionMask = 2147483647;
			files = (
				E1FF72A41A92B71A0036777A /* DemoTests.m in Sources */,
			);
			runOnlyForDeploymentPostprocessing = 0;
		};
/* End PBXSourcesBuildPhase section */

/* Begin PBXTargetDependency section */
		E1FF729F1A92B71A0036777A /* PBXTargetDependency */ = {
			isa = PBXTargetDependency;
			target = E1FF72801A92B71A0036777A /* Demo */;
			targetProxy = E1FF729E1A92B71A0036777A /* PBXContainerItemProxy */;
		};
/* End PBXTargetDependency section */

/* Begin PBXVariantGroup section */
		E1FF72911A92B71A0036777A /* Main.storyboard */ = {
			isa = PBXVariantGroup;
			children = (
				E1FF72921A92B71A0036777A /* Base */,
			);
			name = Main.storyboard;
			sourceTree = "<group>";
		};
		E1FF72961A92B71A0036777A /* LaunchScreen.xib */ = {
			isa = PBXVariantGroup;
			children = (
				E1FF72971A92B71A0036777A /* Base */,
			);
			name = LaunchScreen.xib;
			sourceTree = "<group>";
		};
/* End PBXVariantGroup section */

/* Begin XCBuildConfiguration section */
		E1FF72A51A92B71A0036777A /* Debug */ = {
			isa = XCBuildConfiguration;
			buildSettings = {
				ALWAYS_SEARCH_USER_PATHS = NO;
				CLANG_CXX_LANGUAGE_STANDARD = "gnu++0x";
				CLANG_CXX_LIBRARY = "libc++";
				CLANG_ENABLE_MODULES = YES;
				CLANG_ENABLE_OBJC_ARC = YES;
				CLANG_WARN_BOOL_CONVERSION = YES;
				CLANG_WARN_CONSTANT_CONVERSION = YES;
				CLANG_WARN_DIRECT_OBJC_ISA_USAGE = YES_ERROR;
				CLANG_WARN_EMPTY_BODY = YES;
				CLANG_WARN_ENUM_CONVERSION = YES;
				CLANG_WARN_INT_CONVERSION = YES;
				CLANG_WARN_OBJC_ROOT_CLASS = YES_ERROR;
				CLANG_WARN_UNREACHABLE_CODE = YES;
				CLANG_WARN__DUPLICATE_METHOD_MATCH = YES;
				"CODE_SIGN_IDENTITY[sdk=iphoneos*]" = "iPhone Developer";
				COPY_PHASE_STRIP = NO;
				ENABLE_STRICT_OBJC_MSGSEND = YES;
				GCC_C_LANGUAGE_STANDARD = gnu99;
				GCC_DYNAMIC_NO_PIC = NO;
				GCC_OPTIMIZATION_LEVEL = 0;
				GCC_PREPROCESSOR_DEFINITIONS = (
					"DEBUG=1",
					"$(inherited)",
				);
				GCC_SYMBOLS_PRIVATE_EXTERN = NO;
				GCC_WARN_64_TO_32_BIT_CONVERSION = YES;
				GCC_WARN_ABOUT_RETURN_TYPE = YES_ERROR;
				GCC_WARN_UNDECLARED_SELECTOR = YES;
				GCC_WARN_UNINITIALIZED_AUTOS = YES_AGGRESSIVE;
				GCC_WARN_UNUSED_FUNCTION = YES;
				GCC_WARN_UNUSED_VARIABLE = YES;
				IPHONEOS_DEPLOYMENT_TARGET = 8.1;
				MTL_ENABLE_DEBUG_INFO = YES;
				ONLY_ACTIVE_ARCH = YES;
				SDKROOT = iphoneos;
			};
			name = Debug;
		};
		E1FF72A61A92B71A0036777A /* Release */ = {
			isa = XCBuildConfiguration;
			buildSettings = {
				ALWAYS_SEARCH_USER_PATHS = NO;
				CLANG_CXX_LANGUAGE_STANDARD = "gnu++0x";
				CLANG_CXX_LIBRARY = "libc++";
				CLANG_ENABLE_MODULES = YES;
				CLANG_ENABLE_OBJC_ARC = YES;
				CLANG_WARN_BOOL_CONVERSION = YES;
				CLANG_WARN_CONSTANT_CONVERSION = YES;
				CLANG_WARN_DIRECT_OBJC_ISA_USAGE = YES_ERROR;
				CLANG_WARN_EMPTY_BODY = YES;
				CLANG_WARN_ENUM_CONVERSION = YES;
				CLANG_WARN_INT_CONVERSION = YES;
				CLANG_WARN_OBJC_ROOT_CLASS = YES_ERROR;
				CLANG_WARN_UNREACHABLE_CODE = YES;
				CLANG_WARN__DUPLICATE_METHOD_MATCH = YES;
				"CODE_SIGN_IDENTITY[sdk=iphoneos*]" = "iPhone Developer";
				COPY_PHASE_STRIP = YES;
				ENABLE_NS_ASSERTIONS = NO;
				ENABLE_STRICT_OBJC_MSGSEND = YES;
				GCC_C_LANGUAGE_STANDARD = gnu99;
				GCC_WARN_64_TO_32_BIT_CONVERSION = YES;
				GCC_WARN_ABOUT_RETURN_TYPE = YES_ERROR;
				GCC_WARN_UNDECLARED_SELECTOR = YES;
				GCC_WARN_UNINITIALIZED_AUTOS = YES_AGGRESSIVE;
				GCC_WARN_UNUSED_FUNCTION = YES;
				GCC_WARN_UNUSED_VARIABLE = YES;
				IPHONEOS_DEPLOYMENT_TARGET = 8.1;
				MTL_ENABLE_DEBUG_INFO = NO;
				SDKROOT = iphoneos;
				VALIDATE_PRODUCT = YES;
			};
			name = Release;
		};
		E1FF72A81A92B71A0036777A /* Debug */ = {
			isa = XCBuildConfiguration;
			buildSettings = {
				ASSETCATALOG_COMPILER_APPICON_NAME = AppIcon;
				INFOPLIST_FILE = Demo/Info.plist;
				IPHONEOS_DEPLOYMENT_TARGET = 7.0;
				LD_RUNPATH_SEARCH_PATHS = "$(inherited) @executable_path/Frameworks";
				LIBRARY_SEARCH_PATHS = (
					"$(inherited)",
					"$(PROJECT_DIR)/Demo/CustomZBar/ZBarSDK",
				);
				OTHER_LDFLAGS = "";
				PRODUCT_NAME = "$(TARGET_NAME)";
			};
			name = Debug;
		};
		E1FF72A91A92B71A0036777A /* Release */ = {
			isa = XCBuildConfiguration;
			buildSettings = {
				ASSETCATALOG_COMPILER_APPICON_NAME = AppIcon;
				INFOPLIST_FILE = Demo/Info.plist;
				IPHONEOS_DEPLOYMENT_TARGET = 7.0;
				LD_RUNPATH_SEARCH_PATHS = "$(inherited) @executable_path/Frameworks";
				LIBRARY_SEARCH_PATHS = (
					"$(inherited)",
					"$(PROJECT_DIR)/Demo/CustomZBar/ZBarSDK",
				);
				OTHER_LDFLAGS = "";
				PRODUCT_NAME = "$(TARGET_NAME)";
			};
			name = Release;
		};
		E1FF72AB1A92B71A0036777A /* Debug */ = {
			isa = XCBuildConfiguration;
			buildSettings = {
				BUNDLE_LOADER = "$(TEST_HOST)";
				FRAMEWORK_SEARCH_PATHS = (
					"$(SDKROOT)/Developer/Library/Frameworks",
					"$(inherited)",
				);
				GCC_PREPROCESSOR_DEFINITIONS = (
					"DEBUG=1",
					"$(inherited)",
				);
				INFOPLIST_FILE = DemoTests/Info.plist;
				LD_RUNPATH_SEARCH_PATHS = "$(inherited) @executable_path/Frameworks @loader_path/Frameworks";
				PRODUCT_NAME = "$(TARGET_NAME)";
				TEST_HOST = "$(BUILT_PRODUCTS_DIR)/Demo.app/Demo";
			};
			name = Debug;
		};
		E1FF72AC1A92B71A0036777A /* Release */ = {
			isa = XCBuildConfiguration;
			buildSettings = {
				BUNDLE_LOADER = "$(TEST_HOST)";
				FRAMEWORK_SEARCH_PATHS = (
					"$(SDKROOT)/Developer/Library/Frameworks",
					"$(inherited)",
				);
				INFOPLIST_FILE = DemoTests/Info.plist;
				LD_RUNPATH_SEARCH_PATHS = "$(inherited) @executable_path/Frameworks @loader_path/Frameworks";
				PRODUCT_NAME = "$(TARGET_NAME)";
				TEST_HOST = "$(BUILT_PRODUCTS_DIR)/Demo.app/Demo";
			};
			name = Release;
		};
/* End XCBuildConfiguration section */

/* Begin XCConfigurationList section */
		E1FF727C1A92B71A0036777A /* Build configuration list for PBXProject "Demo" */ = {
			isa = XCConfigurationList;
			buildConfigurations = (
				E1FF72A51A92B71A0036777A /* Debug */,
				E1FF72A61A92B71A0036777A /* Release */,
			);
			defaultConfigurationIsVisible = 0;
			defaultConfigurationName = Release;
		};
		E1FF72A71A92B71A0036777A /* Build configuration list for PBXNativeTarget "Demo" */ = {
			isa = XCConfigurationList;
			buildConfigurations = (
				E1FF72A81A92B71A0036777A /* Debug */,
				E1FF72A91A92B71A0036777A /* Release */,
			);
			defaultConfigurationIsVisible = 0;
			defaultConfigurationName = Release;
		};
		E1FF72AA1A92B71A0036777A /* Build configuration list for PBXNativeTarget "DemoTests" */ = {
			isa = XCConfigurationList;
			buildConfigurations = (
				E1FF72AB1A92B71A0036777A /* Debug */,
				E1FF72AC1A92B71A0036777A /* Release */,
			);
			defaultConfigurationIsVisible = 0;
			defaultConfigurationName = Release;
		};
/* End XCConfigurationList section */

/* Begin XCVersionGroup section */
		E114A8011ADE63B7001BC548 /* Model.xcdatamodeld */ = {
			isa = XCVersionGroup;
			children = (
				E114A8021ADE63B7001BC548 /* Model.xcdatamodel */,
			);
			currentVersion = E114A8021ADE63B7001BC548 /* Model.xcdatamodel */;
			path = Model.xcdatamodeld;
			sourceTree = "<group>";
			versionGroupType = wrapper.xcdatamodel;
		};
/* End XCVersionGroup section */
	};
	rootObject = E1FF72791A92B71A0036777A /* Project object */;
}
